
Microsoft Visual Studio Solution File, Format Version 11.00
# Visual Studio 2010
Project("{FAE04EC0-301F-11D3-BF4B-00C04F79EFBC}") = "Didache", "Didache.Core\Didache.csproj", "{287140B7-0BD7-4F9A-A3B3-2F4ED02C6B72}"
EndProject
Project("{FAE04EC0-301F-11D3-BF4B-00C04F79EFBC}") = "Didache.Web", "Didache.Web\Didache.Web.csproj", "{4BAD6690-E3AC-4E39-8638-F0E0360345C0}"
EndProject
Global
	GlobalSection(SolutionConfigurationPlatforms) = preSolution
		Debug|Any CPU = Debug|Any CPU
		Release|Any CPU = Release|Any CPU
	EndGlobalSection
	GlobalSection(ProjectConfigurationPlatforms) = postSolution
		{287140B7-0BD7-4F9A-A3B3-2F4ED02C6B72}.Debug|Any CPU.ActiveCfg = Debug|Any CPU
		{287140B7-0BD7-4F9A-A3B3-2F4ED02C6B72}.Debug|Any CPU.Build.0 = Debug|Any CPU
		{287140B7-0BD7-4F9A-A3B3-2F4ED02C6B72}.Release|Any CPU.ActiveCfg = Release|Any CPU
		{287140B7-0BD7-4F9A-A3B3-2F4ED02C6B72}.Release|Any CPU.Build.0 = Release|Any CPU
		{4BAD6690-E3AC-4E39-8638-F0E0360345C0}.Debug|Any CPU.ActiveCfg = Debug|Any CPU
		{4BAD6690-E3AC-4E39-8638-F0E0360345C0}.Debug|Any CPU.Build.0 = Debug|Any CPU
		{4BAD6690-E3AC-4E39-8638-F0E0360345C0}.Release|Any CPU.ActiveCfg = Release|Any CPU
		{4BAD6690-E3AC-4E39-8638-F0E0360345C0}.Release|Any CPU.Build.0 = Release|Any CPU
	EndGlobalSection
	GlobalSection(SolutionProperties) = preSolution
		HideSolutionNode = FALSE
	EndGlobalSection
EndGlobal
